
Microsoft Visual Studio Solution File, Format Version 12.00
# Visual Studio 15
VisualStudioVersion = 15.0.27428.2011
MinimumVisualStudioVersion = 10.0.40219.1
Project("{FAE04EC0-301F-11D3-BF4B-00C04F79EFBC}") = "LeansoftX.Lion.Client", "LeansoftX.Lion.Client\LeansoftX.Lion.Client.csproj", "{BF2EED3B-A935-40B3-AB03-22E31192E387}"
EndProject
Global
	GlobalSection(SolutionConfigurationPlatforms) = preSolution
		Debug|Any CPU = Debug|Any CPU
		Release|Any CPU = Release|Any CPU
	EndGlobalSection
	GlobalSection(ProjectConfigurationPlatforms) = postSolution
		{BF2EED3B-A935-40B3-AB03-22E31192E387}.Debug|Any CPU.ActiveCfg = Debug|Any CPU
		{BF2EED3B-A935-40B3-AB03-22E31192E387}.Debug|Any CPU.Build.0 = Debug|Any CPU
		{BF2EED3B-A935-40B3-AB03-22E31192E387}.Release|Any CPU.ActiveCfg = Release|Any CPU
		{BF2EED3B-A935-40B3-AB03-22E31192E387}.Release|Any CPU.Build.0 = Release|Any CPU
	EndGlobalSection
	GlobalSection(SolutionProperties) = preSolution
		HideSolutionNode = FALSE
	EndGlobalSection
	GlobalSection(ExtensibilityGlobals) = postSolution
		SolutionGuid = {49BE0EBD-84DB-4D5A-9148-B536CAEC3A09}
	EndGlobalSection
EndGlobal
